
Microsoft Visual Studio Solution File, Format Version 12.00
# Visual Studio Version 17
VisualStudioVersion = 17.4.33213.308
MinimumVisualStudioVersion = 10.0.40219.1
Project("{FAE04EC0-301F-11D3-BF4B-00C04F79EFBC}") = "SSRSSecurityExtension", "SSRS-Custom-Security-Extension-ReportRenderingTest\SSRSSecurityExtension.csproj", "{0FE570FA-78EC-4BE4-9282-67EB64C201EE}"
EndProject
Global
	GlobalSection(SolutionConfigurationPlatforms) = preSolution
		Debug|Any CPU = Debug|Any CPU
		Release|Any CPU = Release|Any CPU
	EndGlobalSection
	GlobalSection(ProjectConfigurationPlatforms) = postSolution
		{0FE570FA-78EC-4BE4-9282-67EB64C201EE}.Debug|Any CPU.ActiveCfg = Debug|Any CPU
		{0FE570FA-78EC-4BE4-9282-67EB64C201EE}.Debug|Any CPU.Build.0 = Debug|Any CPU
		{0FE570FA-78EC-4BE4-9282-67EB64C201EE}.Release|Any CPU.ActiveCfg = Release|Any CPU
		{0FE570FA-78EC-4BE4-9282-67EB64C201EE}.Release|Any CPU.Build.0 = Release|Any CPU
	EndGlobalSection
	GlobalSection(SolutionProperties) = preSolution
		HideSolutionNode = FALSE
	EndGlobalSection
	GlobalSection(ExtensibilityGlobals) = postSolution
		SolutionGuid = {C07D773E-B62C-46C8-B135-76592B79959C}
	EndGlobalSection
EndGlobal
